
Microsoft Visual Studio Solution File, Format Version 12.00
# Visual Studio Version 17
VisualStudioVersion = 17.10.35122.118
MinimumVisualStudioVersion = 10.0.40219.1
Project("{9A19103F-16F7-4668-BE54-9A1E7A4F7556}") = "UserManagement.API", "UserManagement.API\UserManagement.API.csproj", "{22967B45-26FB-4E5C-98F3-6174E04F61D2}"
EndProject
Project("{9A19103F-16F7-4668-BE54-9A1E7A4F7556}") = "UserManagement.Domain", "UserManagement.Domain\UserManagement.Domain.csproj", "{206B1D2A-E995-476A-AA1F-DA1EC9A27471}"
EndProject
Project("{9A19103F-16F7-4668-BE54-9A1E7A4F7556}") = "UserManagement.Repository", "UserManagement.Repository\UserManagement.Repository.csproj", "{772FB4DA-61C4-4344-8D94-8315CB0F20EC}"
EndProject
Global
	GlobalSection(SolutionConfigurationPlatforms) = preSolution
		Debug|Any CPU = Debug|Any CPU
		Release|Any CPU = Release|Any CPU
	EndGlobalSection
	GlobalSection(ProjectConfigurationPlatforms) = postSolution
		{22967B45-26FB-4E5C-98F3-6174E04F61D2}.Debug|Any CPU.ActiveCfg = Debug|Any CPU
		{22967B45-26FB-4E5C-98F3-6174E04F61D2}.Debug|Any CPU.Build.0 = Debug|Any CPU
		{22967B45-26FB-4E5C-98F3-6174E04F61D2}.Release|Any CPU.ActiveCfg = Release|Any CPU
		{22967B45-26FB-4E5C-98F3-6174E04F61D2}.Release|Any CPU.Build.0 = Release|Any CPU
		{206B1D2A-E995-476A-AA1F-DA1EC9A27471}.Debug|Any CPU.ActiveCfg = Debug|Any CPU
		{206B1D2A-E995-476A-AA1F-DA1EC9A27471}.Debug|Any CPU.Build.0 = Debug|Any CPU
		{206B1D2A-E995-476A-AA1F-DA1EC9A27471}.Release|Any CPU.ActiveCfg = Release|Any CPU
		{206B1D2A-E995-476A-AA1F-DA1EC9A27471}.Release|Any CPU.Build.0 = Release|Any CPU
		{772FB4DA-61C4-4344-8D94-8315CB0F20EC}.Debug|Any CPU.ActiveCfg = Debug|Any CPU
		{772FB4DA-61C4-4344-8D94-8315CB0F20EC}.Debug|Any CPU.Build.0 = Debug|Any CPU
		{772FB4DA-61C4-4344-8D94-8315CB0F20EC}.Release|Any CPU.ActiveCfg = Release|Any CPU
		{772FB4DA-61C4-4344-8D94-8315CB0F20EC}.Release|Any CPU.Build.0 = Release|Any CPU
	EndGlobalSection
	GlobalSection(SolutionProperties) = preSolution
		HideSolutionNode = FALSE
	EndGlobalSection
	GlobalSection(ExtensibilityGlobals) = postSolution
		SolutionGuid = {77171F14-30A6-473E-921B-0E6D9948DB5B}
	EndGlobalSection
EndGlobal
